// !$*UTF8*$!
{
	archiveVersion = 1;
	classes = {
	};
	objectVersion = 46;
	objects = {

/* Begin PBXBuildFile section */
		29AAE7861AD4EE2900A4B360 /* main.cpp in Sources */ = {isa = PBXBuildFile; fileRef = 29AAE7851AD4EE2900A4B360 /* main.cpp */; };
		29AAE78D1AD4EE3400A4B360 /* OpenGL.framework in Frameworks */ = {isa = PBXBuildFile; fileRef = 29AAE78C1AD4EE3400A4B360 /* OpenGL.framework */; };
		29AAE78F1AD4EE3A00A4B360 /* Cocoa.framework in Frameworks */ = {isa = PBXBuildFile; fileRef = 29AAE78E1AD4EE3A00A4B360 /* Cocoa.framework */; };
		29AAE7911AD4EE3F00A4B360 /* GLUT.framework in Frameworks */ = {isa = PBXBuildFile; fileRef = 29AAE7901AD4EE3F00A4B360 /* GLUT.framework */; };
/* End PBXBuildFile section */

/* Begin PBXCopyFilesBuildPhase section */
		29AAE7801AD4EE2900A4B360 /* CopyFiles */ = {
			isa = PBXCopyFilesBuildPhase;
			buildActionMask = 2147483647;
			dstPath = /usr/share/man/man1/;
			dstSubfolderSpec = 0;
			files = (
			);
			runOnlyForDeploymentPostprocessing = 1;
		};
/* End PBXCopyFilesBuildPhase section */

/* Begin PBXFileReference section */
		29AAE7821AD4EE2900A4B360 /* cuuuurve */ = {isa = PBXFileReference; explicitFileType = "compiled.mach-o.executable"; includeInIndex = 0; path = cuuuurve; sourceTree = BUILT_PRODUCTS_DIR; };
		29AAE7851AD4EE2900A4B360 /* main.cpp */ = {isa = PBXFileReference; lastKnownFileType = sourcecode.cpp.cpp; path = main.cpp; sourceTree = "<group>"; };
		29AAE78C1AD4EE3400A4B360 /* OpenGL.framework */ = {isa = PBXFileReference; lastKnownFileType = wrapper.framework; name = OpenGL.framework; path = System/Library/Frameworks/OpenGL.framework; sourceTree = SDKROOT; };
		29AAE78E1AD4EE3A00A4B360 /* Cocoa.framework */ = {isa = PBXFileReference; lastKnownFileType = wrapper.framework; name = Cocoa.framework; path = System/Library/Frameworks/Cocoa.framework; sourceTree = SDKROOT; };
		29AAE7901AD4EE3F00A4B360 /* GLUT.framework */ = {isa = PBXFileReference; lastKnownFileType = wrapper.framework; name = GLUT.framework; path = System/Library/Frameworks/GLUT.framework; sourceTree = SDKROOT; };
/* End PBXFileReference section */

/* Begin PBXFrameworksBuildPhase section */
		29AAE77F1AD4EE2900A4B360 /* Frameworks */ = {
			isa = PBXFrameworksBuildPhase;
			buildActionMask = 2147483647;
			files = (
				29AAE7911AD4EE3F00A4B360 /* GLUT.framework in Frameworks */,
				29AAE78F1AD4EE3A00A4B360 /* Cocoa.framework in Frameworks */,
				29AAE78D1AD4EE3400A4B360 /* OpenGL.framework in Frameworks */,
			);
			runOnlyForDeploymentPostprocessing = 0;
		};
/* End PBXFrameworksBuildPhase section */

/* Begin PBXGroup section */
		29AAE7791AD4EE2900A4B360 = {
			isa = PBXGroup;
			children = (
				29AAE7901AD4EE3F00A4B360 /* GLUT.framework */,
				29AAE78E1AD4EE3A00A4B360 /* Cocoa.framework */,
				29AAE78C1AD4EE3400A4B360 /* OpenGL.framework */,
				29AAE7841AD4EE2900A4B360 /* cuuuurve */,
				29AAE7831AD4EE2900A4B360 /* Products */,
			);
			sourceTree = "<group>";
		};
		29AAE7831AD4EE2900A4B360 /* Products */ = {
			isa = PBXGroup;
			children = (
				29AAE7821AD4EE2900A4B360 /* cuuuurve */,
			);
			name = Products;
			sourceTree = "<group>";
		};
		29AAE7841AD4EE2900A4B360 /* cuuuurve */ = {
			isa = PBXGroup;
			children = (
				29AAE7851AD4EE2900A4B360 /* main.cpp */,
			);
			path = cuuuurve;
			sourceTree = "<group>";
		};
/* End PBXGroup section */

/* Begin PBXNativeTarget section */
		29AAE7811AD4EE2900A4B360 /* cuuuurve */ = {
			isa = PBXNativeTarget;
			buildConfigurationList = 29AAE7891AD4EE2900A4B360 /* Build configuration list for PBXNativeTarget "cuuuurve" */;
			buildPhases = (
				29AAE77E1AD4EE2900A4B360 /* Sources */,
				29AAE77F1AD4EE2900A4B360 /* Frameworks */,
				29AAE7801AD4EE2900A4B360 /* CopyFiles */,
			);
			buildRules = (
			);
			dependencies = (
			);
			name = cuuuurve;
			productName = cuuuurve;
			productReference = 29AAE7821AD4EE2900A4B360 /* cuuuurve */;
			productType = "com.apple.product-type.tool";
		};
/* End PBXNativeTarget section */

/* Begin PBXProject section */
		29AAE77A1AD4EE2900A4B360 /* Project object */ = {
			isa = PBXProject;
			attributes = {
				LastUpgradeCheck = 0620;
				ORGANIZATIONNAME = "ANGELA ZHOU";
				TargetAttributes = {
					29AAE7811AD4EE2900A4B360 = {
						CreatedOnToolsVersion = 6.2;
					};
				};
			};
			buildConfigurationList = 29AAE77D1AD4EE2900A4B360 /* Build configuration list for PBXProject "cuuuurve" */;
			compatibilityVersion = "Xcode 3.2";
			developmentRegion = English;
			hasScannedForEncodings = 0;
			knownRegions = (
				en,
			);
			mainGroup = 29AAE7791AD4EE2900A4B360;
			productRefGroup = 29AAE7831AD4EE2900A4B360 /* Products */;
			projectDirPath = "";
			projectRoot = "";
			targets = (
				29AAE7811AD4EE2900A4B360 /* cuuuurve */,
			);
		};
/* End PBXProject section */

/* Begin PBXSourcesBuildPhase section */
		29AAE77E1AD4EE2900A4B360 /* Sources */ = {
			isa = PBXSourcesBuildPhase;
			buildActionMask = 2147483647;
			files = (
				29AAE7861AD4EE2900A4B360 /* main.cpp in Sources */,
			);
			runOnlyForDeploymentPostprocessing = 0;
		};
/* End PBXSourcesBuildPhase section */

/* Begin XCBuildConfiguration section */
		29AAE7871AD4EE2900A4B360 /* Debug */ = {
			isa = XCBuildConfiguration;
			buildSettings = {
				ALWAYS_SEARCH_USER_PATHS = NO;
				CLANG_CXX_LANGUAGE_STANDARD = "gnu++0x";
				CLANG_CXX_LIBRARY = "libc++";
				CLANG_ENABLE_MODULES = YES;
				CLANG_ENABLE_OBJC_ARC = YES;
				CLANG_WARN_BOOL_CONVERSION = YES;
				CLANG_WARN_CONSTANT_CONVERSION = YES;
				CLANG_WARN_DIRECT_OBJC_ISA_USAGE = YES_ERROR;
				CLANG_WARN_EMPTY_BODY = YES;
				CLANG_WARN_ENUM_CONVERSION = YES;
				CLANG_WARN_INT_CONVERSION = YES;
				CLANG_WARN_OBJC_ROOT_CLASS = YES_ERROR;
				CLANG_WARN_UNREACHABLE_CODE = YES;
				CLANG_WARN__DUPLICATE_METHOD_MATCH = YES;
				COPY_PHASE_STRIP = NO;
				ENABLE_STRICT_OBJC_MSGSEND = YES;
				GCC_C_LANGUAGE_STANDARD = gnu99;
				GCC_DYNAMIC_NO_PIC = NO;
				GCC_OPTIMIZATION_LEVEL = 0;
				GCC_PREPROCESSOR_DEFINITIONS = (
					"DEBUG=1",
					"$(inherited)",
				);
				GCC_SYMBOLS_PRIVATE_EXTERN = NO;
				GCC_WARN_64_TO_32_BIT_CONVERSION = YES;
				GCC_WARN_ABOUT_RETURN_TYPE = YES_ERROR;
				GCC_WARN_UNDECLARED_SELECTOR = YES;
				GCC_WARN_UNINITIALIZED_AUTOS = YES_AGGRESSIVE;
				GCC_WARN_UNUSED_FUNCTION = YES;
				GCC_WARN_UNUSED_VARIABLE = YES;
				MACOSX_DEPLOYMENT_TARGET = 10.10;
				MTL_ENABLE_DEBUG_INFO = YES;
				ONLY_ACTIVE_ARCH = YES;
				SDKROOT = macosx;
			};
			name = Debug;
		};
		29AAE7881AD4EE2900A4B360 /* Release */ = {
			isa = XCBuildConfiguration;
			buildSettings = {
				ALWAYS_SEARCH_USER_PATHS = NO;
				CLANG_CXX_LANGUAGE_STANDARD = "gnu++0x";
				CLANG_CXX_LIBRARY = "libc++";
				CLANG_ENABLE_MODULES = YES;
				CLANG_ENABLE_OBJC_ARC = YES;
				CLANG_WARN_BOOL_CONVERSION = YES;
				CLANG_WARN_CONSTANT_CONVERSION = YES;
				CLANG_WARN_DIRECT_OBJC_ISA_USAGE = YES_ERROR;
				CLANG_WARN_EMPTY_BODY = YES;
				CLANG_WARN_ENUM_CONVERSION = YES;
				CLANG_WARN_INT_CONVERSION = YES;
				CLANG_WARN_OBJC_ROOT_CLASS = YES_ERROR;
				CLANG_WARN_UNREACHABLE_CODE = YES;
				CLANG_WARN__DUPLICATE_METHOD_MATCH = YES;
				COPY_PHASE_STRIP = NO;
				DEBUG_INFORMATION_FORMAT = "dwarf-with-dsym";
				ENABLE_NS_ASSERTIONS = NO;
				ENABLE_STRICT_OBJC_MSGSEND = YES;
				GCC_C_LANGUAGE_STANDARD = gnu99;
				GCC_WARN_64_TO_32_BIT_CONVERSION = YES;
				GCC_WARN_ABOUT_RETURN_TYPE = YES_ERROR;
				GCC_WARN_UNDECLARED_SELECTOR = YES;
				GCC_WARN_UNINITIALIZED_AUTOS = YES_AGGRESSIVE;
				GCC_WARN_UNUSED_FUNCTION = YES;
				GCC_WARN_UNUSED_VARIABLE = YES;
				MACOSX_DEPLOYMENT_TARGET = 10.10;
				MTL_ENABLE_DEBUG_INFO = NO;
				SDKROOT = macosx;
			};
			name = Release;
		};
		29AAE78A1AD4EE2900A4B360 /* Debug */ = {
			isa = XCBuildConfiguration;
			buildSettings = {
				PRODUCT_NAME = "$(TARGET_NAME)";
			};
			name = Debug;
		};
		29AAE78B1AD4EE2900A4B360 /* Release */ = {
			isa = XCBuildConfiguration;
			buildSettings = {
				PRODUCT_NAME = "$(TARGET_NAME)";
			};
			name = Release;
		};
/* End XCBuildConfiguration section */

/* Begin XCConfigurationList section */
		29AAE77D1AD4EE2900A4B360 /* Build configuration list for PBXProject "cuuuurve" */ = {
			isa = XCConfigurationList;
			buildConfigurations = (
				29AAE7871AD4EE2900A4B360 /* Debug */,
				29AAE7881AD4EE2900A4B360 /* Release */,
			);
			defaultConfigurationIsVisible = 0;
			defaultConfigurationName = Release;
		};
		29AAE7891AD4EE2900A4B360 /* Build configuration list for PBXNativeTarget "cuuuurve" */ = {
			isa = XCConfigurationList;
			buildConfigurations = (
				29AAE78A1AD4EE2900A4B360 /* Debug */,
				29AAE78B1AD4EE2900A4B360 /* Release */,
			);
			defaultConfigurationIsVisible = 0;
		};
/* End XCConfigurationList section */
	};
	rootObject = 29AAE77A1AD4EE2900A4B360 /* Project object */;
}
