// !$*UTF8*$!
{
	archiveVersion = 1;
	classes = {
	};
	objectVersion = 46;
	objects = {

/* Begin PBXBuildFile section */
		293206AE1AC25DBC00B76B25 /* main.cpp in Sources */ = {isa = PBXBuildFile; fileRef = 293206AD1AC25DBC00B76B25 /* main.cpp */; };
		293206B51AC25DCF00B76B25 /* Cocoa.framework in Frameworks */ = {isa = PBXBuildFile; fileRef = 293206B41AC25DCF00B76B25 /* Cocoa.framework */; };
		293206B71AC25DD900B76B25 /* OpenGL.framework in Frameworks */ = {isa = PBXBuildFile; fileRef = 293206B61AC25DD900B76B25 /* OpenGL.framework */; };
		293206B91AC25DDE00B76B25 /* GLUT.framework in Frameworks */ = {isa = PBXBuildFile; fileRef = 293206B81AC25DDE00B76B25 /* GLUT.framework */; };
/* End PBXBuildFile section */

/* Begin PBXCopyFilesBuildPhase section */
		293206A81AC25DBC00B76B25 /* CopyFiles */ = {
			isa = PBXCopyFilesBuildPhase;
			buildActionMask = 2147483647;
			dstPath = /usr/share/man/man1/;
			dstSubfolderSpec = 0;
			files = (
			);
			runOnlyForDeploymentPostprocessing = 1;
		};
/* End PBXCopyFilesBuildPhase section */

/* Begin PBXFileReference section */
		293206AA1AC25DBC00B76B25 /* teapot */ = {isa = PBXFileReference; explicitFileType = "compiled.mach-o.executable"; includeInIndex = 0; path = teapot; sourceTree = BUILT_PRODUCTS_DIR; };
		293206AD1AC25DBC00B76B25 /* main.cpp */ = {isa = PBXFileReference; lastKnownFileType = sourcecode.cpp.cpp; path = main.cpp; sourceTree = "<group>"; };
		293206B41AC25DCF00B76B25 /* Cocoa.framework */ = {isa = PBXFileReference; lastKnownFileType = wrapper.framework; name = Cocoa.framework; path = System/Library/Frameworks/Cocoa.framework; sourceTree = SDKROOT; };
		293206B61AC25DD900B76B25 /* OpenGL.framework */ = {isa = PBXFileReference; lastKnownFileType = wrapper.framework; name = OpenGL.framework; path = System/Library/Frameworks/OpenGL.framework; sourceTree = SDKROOT; };
		293206B81AC25DDE00B76B25 /* GLUT.framework */ = {isa = PBXFileReference; lastKnownFileType = wrapper.framework; name = GLUT.framework; path = System/Library/Frameworks/GLUT.framework; sourceTree = SDKROOT; };
/* End PBXFileReference section */

/* Begin PBXFrameworksBuildPhase section */
		293206A71AC25DBC00B76B25 /* Frameworks */ = {
			isa = PBXFrameworksBuildPhase;
			buildActionMask = 2147483647;
			files = (
				293206B91AC25DDE00B76B25 /* GLUT.framework in Frameworks */,
				293206B71AC25DD900B76B25 /* OpenGL.framework in Frameworks */,
				293206B51AC25DCF00B76B25 /* Cocoa.framework in Frameworks */,
			);
			runOnlyForDeploymentPostprocessing = 0;
		};
/* End PBXFrameworksBuildPhase section */

/* Begin PBXGroup section */
		293206A11AC25DBC00B76B25 = {
			isa = PBXGroup;
			children = (
				293206B81AC25DDE00B76B25 /* GLUT.framework */,
				293206B61AC25DD900B76B25 /* OpenGL.framework */,
				293206B41AC25DCF00B76B25 /* Cocoa.framework */,
				293206AC1AC25DBC00B76B25 /* teapot */,
				293206AB1AC25DBC00B76B25 /* Products */,
			);
			sourceTree = "<group>";
		};
		293206AB1AC25DBC00B76B25 /* Products */ = {
			isa = PBXGroup;
			children = (
				293206AA1AC25DBC00B76B25 /* teapot */,
			);
			name = Products;
			sourceTree = "<group>";
		};
		293206AC1AC25DBC00B76B25 /* teapot */ = {
			isa = PBXGroup;
			children = (
				293206AD1AC25DBC00B76B25 /* main.cpp */,
			);
			path = teapot;
			sourceTree = "<group>";
		};
/* End PBXGroup section */

/* Begin PBXNativeTarget section */
		293206A91AC25DBC00B76B25 /* teapot */ = {
			isa = PBXNativeTarget;
			buildConfigurationList = 293206B11AC25DBC00B76B25 /* Build configuration list for PBXNativeTarget "teapot" */;
			buildPhases = (
				293206A61AC25DBC00B76B25 /* Sources */,
				293206A71AC25DBC00B76B25 /* Frameworks */,
				293206A81AC25DBC00B76B25 /* CopyFiles */,
			);
			buildRules = (
			);
			dependencies = (
			);
			name = teapot;
			productName = teapot;
			productReference = 293206AA1AC25DBC00B76B25 /* teapot */;
			productType = "com.apple.product-type.tool";
		};
/* End PBXNativeTarget section */

/* Begin PBXProject section */
		293206A21AC25DBC00B76B25 /* Project object */ = {
			isa = PBXProject;
			attributes = {
				LastUpgradeCheck = 0620;
				ORGANIZATIONNAME = "ANGELA ZHOU";
				TargetAttributes = {
					293206A91AC25DBC00B76B25 = {
						CreatedOnToolsVersion = 6.2;
					};
				};
			};
			buildConfigurationList = 293206A51AC25DBC00B76B25 /* Build configuration list for PBXProject "teapot" */;
			compatibilityVersion = "Xcode 3.2";
			developmentRegion = English;
			hasScannedForEncodings = 0;
			knownRegions = (
				en,
			);
			mainGroup = 293206A11AC25DBC00B76B25;
			productRefGroup = 293206AB1AC25DBC00B76B25 /* Products */;
			projectDirPath = "";
			projectRoot = "";
			targets = (
				293206A91AC25DBC00B76B25 /* teapot */,
			);
		};
/* End PBXProject section */

/* Begin PBXSourcesBuildPhase section */
		293206A61AC25DBC00B76B25 /* Sources */ = {
			isa = PBXSourcesBuildPhase;
			buildActionMask = 2147483647;
			files = (
				293206AE1AC25DBC00B76B25 /* main.cpp in Sources */,
			);
			runOnlyForDeploymentPostprocessing = 0;
		};
/* End PBXSourcesBuildPhase section */

/* Begin XCBuildConfiguration section */
		293206AF1AC25DBC00B76B25 /* Debug */ = {
			isa = XCBuildConfiguration;
			buildSettings = {
				ALWAYS_SEARCH_USER_PATHS = NO;
				CLANG_CXX_LANGUAGE_STANDARD = "gnu++0x";
				CLANG_CXX_LIBRARY = "libc++";
				CLANG_ENABLE_MODULES = YES;
				CLANG_ENABLE_OBJC_ARC = YES;
				CLANG_WARN_BOOL_CONVERSION = YES;
				CLANG_WARN_CONSTANT_CONVERSION = YES;
				CLANG_WARN_DIRECT_OBJC_ISA_USAGE = YES_ERROR;
				CLANG_WARN_EMPTY_BODY = YES;
				CLANG_WARN_ENUM_CONVERSION = YES;
				CLANG_WARN_INT_CONVERSION = YES;
				CLANG_WARN_OBJC_ROOT_CLASS = YES_ERROR;
				CLANG_WARN_UNREACHABLE_CODE = YES;
				CLANG_WARN__DUPLICATE_METHOD_MATCH = YES;
				COPY_PHASE_STRIP = NO;
				ENABLE_STRICT_OBJC_MSGSEND = YES;
				GCC_C_LANGUAGE_STANDARD = gnu99;
				GCC_DYNAMIC_NO_PIC = NO;
				GCC_OPTIMIZATION_LEVEL = 0;
				GCC_PREPROCESSOR_DEFINITIONS = (
					"DEBUG=1",
					"$(inherited)",
				);
				GCC_SYMBOLS_PRIVATE_EXTERN = NO;
				GCC_WARN_64_TO_32_BIT_CONVERSION = YES;
				GCC_WARN_ABOUT_RETURN_TYPE = YES_ERROR;
				GCC_WARN_UNDECLARED_SELECTOR = YES;
				GCC_WARN_UNINITIALIZED_AUTOS = YES_AGGRESSIVE;
				GCC_WARN_UNUSED_FUNCTION = YES;
				GCC_WARN_UNUSED_VARIABLE = YES;
				MACOSX_DEPLOYMENT_TARGET = 10.10;
				MTL_ENABLE_DEBUG_INFO = YES;
				ONLY_ACTIVE_ARCH = YES;
				SDKROOT = macosx;
			};
			name = Debug;
		};
		293206B01AC25DBC00B76B25 /* Release */ = {
			isa = XCBuildConfiguration;
			buildSettings = {
				ALWAYS_SEARCH_USER_PATHS = NO;
				CLANG_CXX_LANGUAGE_STANDARD = "gnu++0x";
				CLANG_CXX_LIBRARY = "libc++";
				CLANG_ENABLE_MODULES = YES;
				CLANG_ENABLE_OBJC_ARC = YES;
				CLANG_WARN_BOOL_CONVERSION = YES;
				CLANG_WARN_CONSTANT_CONVERSION = YES;
				CLANG_WARN_DIRECT_OBJC_ISA_USAGE = YES_ERROR;
				CLANG_WARN_EMPTY_BODY = YES;
				CLANG_WARN_ENUM_CONVERSION = YES;
				CLANG_WARN_INT_CONVERSION = YES;
				CLANG_WARN_OBJC_ROOT_CLASS = YES_ERROR;
				CLANG_WARN_UNREACHABLE_CODE = YES;
				CLANG_WARN__DUPLICATE_METHOD_MATCH = YES;
				COPY_PHASE_STRIP = NO;
				DEBUG_INFORMATION_FORMAT = "dwarf-with-dsym";
				ENABLE_NS_ASSERTIONS = NO;
				ENABLE_STRICT_OBJC_MSGSEND = YES;
				GCC_C_LANGUAGE_STANDARD = gnu99;
				GCC_WARN_64_TO_32_BIT_CONVERSION = YES;
				GCC_WARN_ABOUT_RETURN_TYPE = YES_ERROR;
				GCC_WARN_UNDECLARED_SELECTOR = YES;
				GCC_WARN_UNINITIALIZED_AUTOS = YES_AGGRESSIVE;
				GCC_WARN_UNUSED_FUNCTION = YES;
				GCC_WARN_UNUSED_VARIABLE = YES;
				MACOSX_DEPLOYMENT_TARGET = 10.10;
				MTL_ENABLE_DEBUG_INFO = NO;
				SDKROOT = macosx;
			};
			name = Release;
		};
		293206B21AC25DBC00B76B25 /* Debug */ = {
			isa = XCBuildConfiguration;
			buildSettings = {
				PRODUCT_NAME = "$(TARGET_NAME)";
			};
			name = Debug;
		};
		293206B31AC25DBC00B76B25 /* Release */ = {
			isa = XCBuildConfiguration;
			buildSettings = {
				PRODUCT_NAME = "$(TARGET_NAME)";
			};
			name = Release;
		};
/* End XCBuildConfiguration section */

/* Begin XCConfigurationList section */
		293206A51AC25DBC00B76B25 /* Build configuration list for PBXProject "teapot" */ = {
			isa = XCConfigurationList;
			buildConfigurations = (
				293206AF1AC25DBC00B76B25 /* Debug */,
				293206B01AC25DBC00B76B25 /* Release */,
			);
			defaultConfigurationIsVisible = 0;
			defaultConfigurationName = Release;
		};
		293206B11AC25DBC00B76B25 /* Build configuration list for PBXNativeTarget "teapot" */ = {
			isa = XCConfigurationList;
			buildConfigurations = (
				293206B21AC25DBC00B76B25 /* Debug */,
				293206B31AC25DBC00B76B25 /* Release */,
			);
			defaultConfigurationIsVisible = 0;
		};
/* End XCConfigurationList section */
	};
	rootObject = 293206A21AC25DBC00B76B25 /* Project object */;
}
