// !$*UTF8*$!
{
	archiveVersion = 1;
	classes = {
	};
	objectVersion = 46;
	objects = {

/* Begin PBXBuildFile section */
		292D10B91ABF6680007A4F2F /* control.cpp in Sources */ = {isa = PBXBuildFile; fileRef = 292D10B71ABF6680007A4F2F /* control.cpp */; settings = {COMPILER_FLAGS = "-w"; }; };
		292D10BF1ABFC554007A4F2F /* avatar.cpp in Sources */ = {isa = PBXBuildFile; fileRef = 292D10BD1ABFC554007A4F2F /* avatar.cpp */; };
		2993243B1AD261350080725C /* shadow.cpp in Sources */ = {isa = PBXBuildFile; fileRef = 299324391AD261350080725C /* shadow.cpp */; };
		299324621AD265C20080725C /* image_DXT.c in Sources */ = {isa = PBXBuildFile; fileRef = 299324571AD265C20080725C /* image_DXT.c */; };
		299324631AD265C20080725C /* image_helper.c in Sources */ = {isa = PBXBuildFile; fileRef = 299324591AD265C20080725C /* image_helper.c */; };
		299324641AD265C20080725C /* SOIL.c in Sources */ = {isa = PBXBuildFile; fileRef = 2993245B1AD265C20080725C /* SOIL.c */; };
		299324651AD265C20080725C /* stb_image_aug.c in Sources */ = {isa = PBXBuildFile; fileRef = 2993245D1AD265C20080725C /* stb_image_aug.c */; };
		90910D091AB22E850089FCBA /* main.cpp in Sources */ = {isa = PBXBuildFile; fileRef = 90910D081AB22E850089FCBA /* main.cpp */; settings = {COMPILER_FLAGS = "-w"; }; };
		90910D101AB22E930089FCBA /* OpenGL.framework in Frameworks */ = {isa = PBXBuildFile; fileRef = 90910D0F1AB22E930089FCBA /* OpenGL.framework */; };
		90910D121AB22E980089FCBA /* Cocoa.framework in Frameworks */ = {isa = PBXBuildFile; fileRef = 90910D111AB22E980089FCBA /* Cocoa.framework */; };
		90910D141AB22E9C0089FCBA /* GLUT.framework in Frameworks */ = {isa = PBXBuildFile; fileRef = 90910D131AB22E9C0089FCBA /* GLUT.framework */; };
/* End PBXBuildFile section */

/* Begin PBXCopyFilesBuildPhase section */
		90910D031AB22E850089FCBA /* CopyFiles */ = {
			isa = PBXCopyFilesBuildPhase;
			buildActionMask = 2147483647;
			dstPath = /usr/share/man/man1/;
			dstSubfolderSpec = 0;
			files = (
			);
			runOnlyForDeploymentPostprocessing = 1;
		};
/* End PBXCopyFilesBuildPhase section */

/* Begin PBXFileReference section */
		292D10B71ABF6680007A4F2F /* control.cpp */ = {isa = PBXFileReference; fileEncoding = 4; lastKnownFileType = sourcecode.cpp.cpp; path = control.cpp; sourceTree = "<group>"; };
		292D10B81ABF6680007A4F2F /* control.h */ = {isa = PBXFileReference; fileEncoding = 4; lastKnownFileType = sourcecode.c.h; path = control.h; sourceTree = "<group>"; };
		292D10BA1ABF72CE007A4F2F /* main.h */ = {isa = PBXFileReference; lastKnownFileType = sourcecode.c.h; path = main.h; sourceTree = "<group>"; };
		292D10BC1ABF78E7007A4F2F /* common.h */ = {isa = PBXFileReference; lastKnownFileType = sourcecode.c.h; path = common.h; sourceTree = "<group>"; };
		292D10BD1ABFC554007A4F2F /* avatar.cpp */ = {isa = PBXFileReference; fileEncoding = 4; lastKnownFileType = sourcecode.cpp.cpp; path = avatar.cpp; sourceTree = "<group>"; };
		292D10BE1ABFC554007A4F2F /* avatar.h */ = {isa = PBXFileReference; fileEncoding = 4; lastKnownFileType = sourcecode.c.h; path = avatar.h; sourceTree = "<group>"; };
		299324391AD261350080725C /* shadow.cpp */ = {isa = PBXFileReference; fileEncoding = 4; lastKnownFileType = sourcecode.cpp.cpp; path = shadow.cpp; sourceTree = "<group>"; };
		2993243A1AD261350080725C /* shadow.h */ = {isa = PBXFileReference; fileEncoding = 4; lastKnownFileType = sourcecode.c.h; path = shadow.h; sourceTree = "<group>"; };
		299324571AD265C20080725C /* image_DXT.c */ = {isa = PBXFileReference; fileEncoding = 4; lastKnownFileType = sourcecode.c.c; path = image_DXT.c; sourceTree = "<group>"; };
		299324581AD265C20080725C /* image_DXT.h */ = {isa = PBXFileReference; fileEncoding = 4; lastKnownFileType = sourcecode.c.h; path = image_DXT.h; sourceTree = "<group>"; };
		299324591AD265C20080725C /* image_helper.c */ = {isa = PBXFileReference; fileEncoding = 4; lastKnownFileType = sourcecode.c.c; path = image_helper.c; sourceTree = "<group>"; };
		2993245A1AD265C20080725C /* image_helper.h */ = {isa = PBXFileReference; fileEncoding = 4; lastKnownFileType = sourcecode.c.h; path = image_helper.h; sourceTree = "<group>"; };
		2993245B1AD265C20080725C /* SOIL.c */ = {isa = PBXFileReference; fileEncoding = 4; lastKnownFileType = sourcecode.c.c; path = SOIL.c; sourceTree = "<group>"; };
		2993245C1AD265C20080725C /* SOIL.h */ = {isa = PBXFileReference; fileEncoding = 4; lastKnownFileType = sourcecode.c.h; path = SOIL.h; sourceTree = "<group>"; };
		2993245D1AD265C20080725C /* stb_image_aug.c */ = {isa = PBXFileReference; fileEncoding = 4; lastKnownFileType = sourcecode.c.c; path = stb_image_aug.c; sourceTree = "<group>"; };
		2993245E1AD265C20080725C /* stb_image_aug.h */ = {isa = PBXFileReference; fileEncoding = 4; lastKnownFileType = sourcecode.c.h; path = stb_image_aug.h; sourceTree = "<group>"; };
		2993245F1AD265C20080725C /* stbi_DDS_aug_c.h */ = {isa = PBXFileReference; fileEncoding = 4; lastKnownFileType = sourcecode.c.h; path = stbi_DDS_aug_c.h; sourceTree = "<group>"; };
		299324601AD265C20080725C /* stbi_DDS_aug.h */ = {isa = PBXFileReference; fileEncoding = 4; lastKnownFileType = sourcecode.c.h; path = stbi_DDS_aug.h; sourceTree = "<group>"; };
		299324611AD265C20080725C /* tajMahal.png */ = {isa = PBXFileReference; lastKnownFileType = image.png; path = tajMahal.png; sourceTree = "<group>"; };
		90910D051AB22E850089FCBA /* sceneGraph */ = {isa = PBXFileReference; explicitFileType = "compiled.mach-o.executable"; includeInIndex = 0; path = sceneGraph; sourceTree = BUILT_PRODUCTS_DIR; };
		90910D081AB22E850089FCBA /* main.cpp */ = {isa = PBXFileReference; lastKnownFileType = sourcecode.cpp.cpp; path = main.cpp; sourceTree = "<group>"; };
		90910D0F1AB22E930089FCBA /* OpenGL.framework */ = {isa = PBXFileReference; lastKnownFileType = wrapper.framework; name = OpenGL.framework; path = System/Library/Frameworks/OpenGL.framework; sourceTree = SDKROOT; };
		90910D111AB22E980089FCBA /* Cocoa.framework */ = {isa = PBXFileReference; lastKnownFileType = wrapper.framework; name = Cocoa.framework; path = System/Library/Frameworks/Cocoa.framework; sourceTree = SDKROOT; };
		90910D131AB22E9C0089FCBA /* GLUT.framework */ = {isa = PBXFileReference; lastKnownFileType = wrapper.framework; name = GLUT.framework; path = System/Library/Frameworks/GLUT.framework; sourceTree = SDKROOT; };
/* End PBXFileReference section */

/* Begin PBXFrameworksBuildPhase section */
		90910D021AB22E850089FCBA /* Frameworks */ = {
			isa = PBXFrameworksBuildPhase;
			buildActionMask = 2147483647;
			files = (
				90910D141AB22E9C0089FCBA /* GLUT.framework in Frameworks */,
				90910D121AB22E980089FCBA /* Cocoa.framework in Frameworks */,
				90910D101AB22E930089FCBA /* OpenGL.framework in Frameworks */,
			);
			runOnlyForDeploymentPostprocessing = 0;
		};
/* End PBXFrameworksBuildPhase section */

/* Begin PBXGroup section */
		90910CFC1AB22E850089FCBA = {
			isa = PBXGroup;
			children = (
				90910D131AB22E9C0089FCBA /* GLUT.framework */,
				90910D111AB22E980089FCBA /* Cocoa.framework */,
				90910D0F1AB22E930089FCBA /* OpenGL.framework */,
				90910D071AB22E850089FCBA /* sceneGraph */,
				90910D061AB22E850089FCBA /* Products */,
			);
			sourceTree = "<group>";
		};
		90910D061AB22E850089FCBA /* Products */ = {
			isa = PBXGroup;
			children = (
				90910D051AB22E850089FCBA /* sceneGraph */,
			);
			name = Products;
			sourceTree = "<group>";
		};
		90910D071AB22E850089FCBA /* sceneGraph */ = {
			isa = PBXGroup;
			children = (
				90910D081AB22E850089FCBA /* main.cpp */,
				299324571AD265C20080725C /* image_DXT.c */,
				299324581AD265C20080725C /* image_DXT.h */,
				299324591AD265C20080725C /* image_helper.c */,
				2993245A1AD265C20080725C /* image_helper.h */,
				2993245B1AD265C20080725C /* SOIL.c */,
				2993245C1AD265C20080725C /* SOIL.h */,
				2993245D1AD265C20080725C /* stb_image_aug.c */,
				2993245E1AD265C20080725C /* stb_image_aug.h */,
				2993245F1AD265C20080725C /* stbi_DDS_aug_c.h */,
				299324601AD265C20080725C /* stbi_DDS_aug.h */,
				299324611AD265C20080725C /* tajMahal.png */,
				292D10BD1ABFC554007A4F2F /* avatar.cpp */,
				292D10BE1ABFC554007A4F2F /* avatar.h */,
				292D10BA1ABF72CE007A4F2F /* main.h */,
				299324391AD261350080725C /* shadow.cpp */,
				2993243A1AD261350080725C /* shadow.h */,
				292D10B71ABF6680007A4F2F /* control.cpp */,
				292D10B81ABF6680007A4F2F /* control.h */,
				292D10BC1ABF78E7007A4F2F /* common.h */,
			);
			path = sceneGraph;
			sourceTree = "<group>";
		};
/* End PBXGroup section */

/* Begin PBXNativeTarget section */
		90910D041AB22E850089FCBA /* sceneGraph */ = {
			isa = PBXNativeTarget;
			buildConfigurationList = 90910D0C1AB22E850089FCBA /* Build configuration list for PBXNativeTarget "sceneGraph" */;
			buildPhases = (
				90910D011AB22E850089FCBA /* Sources */,
				90910D021AB22E850089FCBA /* Frameworks */,
				90910D031AB22E850089FCBA /* CopyFiles */,
			);
			buildRules = (
			);
			dependencies = (
			);
			name = sceneGraph;
			productName = sceneGraph;
			productReference = 90910D051AB22E850089FCBA /* sceneGraph */;
			productType = "com.apple.product-type.tool";
		};
/* End PBXNativeTarget section */

/* Begin PBXProject section */
		90910CFD1AB22E850089FCBA /* Project object */ = {
			isa = PBXProject;
			attributes = {
				LastUpgradeCheck = 0610;
				ORGANIZATIONNAME = "Maureen Naval";
				TargetAttributes = {
					90910D041AB22E850089FCBA = {
						CreatedOnToolsVersion = 6.1;
					};
				};
			};
			buildConfigurationList = 90910D001AB22E850089FCBA /* Build configuration list for PBXProject "sceneGraph" */;
			compatibilityVersion = "Xcode 3.2";
			developmentRegion = English;
			hasScannedForEncodings = 0;
			knownRegions = (
				en,
			);
			mainGroup = 90910CFC1AB22E850089FCBA;
			productRefGroup = 90910D061AB22E850089FCBA /* Products */;
			projectDirPath = "";
			projectRoot = "";
			targets = (
				90910D041AB22E850089FCBA /* sceneGraph */,
			);
		};
/* End PBXProject section */

/* Begin PBXSourcesBuildPhase section */
		90910D011AB22E850089FCBA /* Sources */ = {
			isa = PBXSourcesBuildPhase;
			buildActionMask = 2147483647;
			files = (
				292D10BF1ABFC554007A4F2F /* avatar.cpp in Sources */,
				2993243B1AD261350080725C /* shadow.cpp in Sources */,
				90910D091AB22E850089FCBA /* main.cpp in Sources */,
				299324651AD265C20080725C /* stb_image_aug.c in Sources */,
				299324621AD265C20080725C /* image_DXT.c in Sources */,
				292D10B91ABF6680007A4F2F /* control.cpp in Sources */,
				299324641AD265C20080725C /* SOIL.c in Sources */,
				299324631AD265C20080725C /* image_helper.c in Sources */,
			);
			runOnlyForDeploymentPostprocessing = 0;
		};
/* End PBXSourcesBuildPhase section */

/* Begin XCBuildConfiguration section */
		90910D0A1AB22E850089FCBA /* Debug */ = {
			isa = XCBuildConfiguration;
			buildSettings = {
				ALWAYS_SEARCH_USER_PATHS = NO;
				CLANG_CXX_LANGUAGE_STANDARD = "gnu++0x";
				CLANG_CXX_LIBRARY = "libc++";
				CLANG_ENABLE_MODULES = YES;
				CLANG_ENABLE_OBJC_ARC = YES;
				CLANG_WARN_BOOL_CONVERSION = YES;
				CLANG_WARN_CONSTANT_CONVERSION = YES;
				CLANG_WARN_DIRECT_OBJC_ISA_USAGE = YES_ERROR;
				CLANG_WARN_EMPTY_BODY = YES;
				CLANG_WARN_ENUM_CONVERSION = YES;
				CLANG_WARN_INT_CONVERSION = YES;
				CLANG_WARN_OBJC_ROOT_CLASS = YES_ERROR;
				CLANG_WARN_UNREACHABLE_CODE = YES;
				CLANG_WARN__DUPLICATE_METHOD_MATCH = YES;
				COPY_PHASE_STRIP = NO;
				ENABLE_STRICT_OBJC_MSGSEND = YES;
				GCC_C_LANGUAGE_STANDARD = gnu99;
				GCC_DYNAMIC_NO_PIC = NO;
				GCC_OPTIMIZATION_LEVEL = 0;
				GCC_PREPROCESSOR_DEFINITIONS = (
					"DEBUG=1",
					"$(inherited)",
				);
				GCC_SYMBOLS_PRIVATE_EXTERN = NO;
				GCC_WARN_64_TO_32_BIT_CONVERSION = YES;
				GCC_WARN_ABOUT_RETURN_TYPE = YES_ERROR;
				GCC_WARN_UNDECLARED_SELECTOR = YES;
				GCC_WARN_UNINITIALIZED_AUTOS = YES_AGGRESSIVE;
				GCC_WARN_UNUSED_FUNCTION = YES;
				GCC_WARN_UNUSED_VARIABLE = YES;
				MACOSX_DEPLOYMENT_TARGET = 10.9;
				MTL_ENABLE_DEBUG_INFO = YES;
				ONLY_ACTIVE_ARCH = YES;
				SDKROOT = macosx;
			};
			name = Debug;
		};
		90910D0B1AB22E850089FCBA /* Release */ = {
			isa = XCBuildConfiguration;
			buildSettings = {
				ALWAYS_SEARCH_USER_PATHS = NO;
				CLANG_CXX_LANGUAGE_STANDARD = "gnu++0x";
				CLANG_CXX_LIBRARY = "libc++";
				CLANG_ENABLE_MODULES = YES;
				CLANG_ENABLE_OBJC_ARC = YES;
				CLANG_WARN_BOOL_CONVERSION = YES;
				CLANG_WARN_CONSTANT_CONVERSION = YES;
				CLANG_WARN_DIRECT_OBJC_ISA_USAGE = YES_ERROR;
				CLANG_WARN_EMPTY_BODY = YES;
				CLANG_WARN_ENUM_CONVERSION = YES;
				CLANG_WARN_INT_CONVERSION = YES;
				CLANG_WARN_OBJC_ROOT_CLASS = YES_ERROR;
				CLANG_WARN_UNREACHABLE_CODE = YES;
				CLANG_WARN__DUPLICATE_METHOD_MATCH = YES;
				COPY_PHASE_STRIP = YES;
				DEBUG_INFORMATION_FORMAT = "dwarf-with-dsym";
				ENABLE_NS_ASSERTIONS = NO;
				ENABLE_STRICT_OBJC_MSGSEND = YES;
				GCC_C_LANGUAGE_STANDARD = gnu99;
				GCC_WARN_64_TO_32_BIT_CONVERSION = YES;
				GCC_WARN_ABOUT_RETURN_TYPE = YES_ERROR;
				GCC_WARN_UNDECLARED_SELECTOR = YES;
				GCC_WARN_UNINITIALIZED_AUTOS = YES_AGGRESSIVE;
				GCC_WARN_UNUSED_FUNCTION = YES;
				GCC_WARN_UNUSED_VARIABLE = YES;
				MACOSX_DEPLOYMENT_TARGET = 10.9;
				MTL_ENABLE_DEBUG_INFO = NO;
				SDKROOT = macosx;
			};
			name = Release;
		};
		90910D0D1AB22E850089FCBA /* Debug */ = {
			isa = XCBuildConfiguration;
			buildSettings = {
				PRODUCT_NAME = "$(TARGET_NAME)";
			};
			name = Debug;
		};
		90910D0E1AB22E850089FCBA /* Release */ = {
			isa = XCBuildConfiguration;
			buildSettings = {
				PRODUCT_NAME = "$(TARGET_NAME)";
			};
			name = Release;
		};
/* End XCBuildConfiguration section */

/* Begin XCConfigurationList section */
		90910D001AB22E850089FCBA /* Build configuration list for PBXProject "sceneGraph" */ = {
			isa = XCConfigurationList;
			buildConfigurations = (
				90910D0A1AB22E850089FCBA /* Debug */,
				90910D0B1AB22E850089FCBA /* Release */,
			);
			defaultConfigurationIsVisible = 0;
			defaultConfigurationName = Release;
		};
		90910D0C1AB22E850089FCBA /* Build configuration list for PBXNativeTarget "sceneGraph" */ = {
			isa = XCConfigurationList;
			buildConfigurations = (
				90910D0D1AB22E850089FCBA /* Debug */,
				90910D0E1AB22E850089FCBA /* Release */,
			);
			defaultConfigurationIsVisible = 0;
			defaultConfigurationName = Release;
		};
/* End XCConfigurationList section */
	};
	rootObject = 90910CFD1AB22E850089FCBA /* Project object */;
}
